
Microsoft Visual Studio Solution File, Format Version 12.00
Project("{FAE04EC0-301F-11D3-BF4B-00C04F79EFBC}") = "MiddlewareMethodExecutor", "MiddlewareMethodExecutor\MiddlewareMethodExecutor.csproj", "{1BAB8C39-9D8F-4561-8DF5-96F9FD3C9C09}"
EndProject
Global
	GlobalSection(SolutionConfigurationPlatforms) = preSolution
		Debug|Any CPU = Debug|Any CPU
		Release|Any CPU = Release|Any CPU
	EndGlobalSection
	GlobalSection(ProjectConfigurationPlatforms) = postSolution
		{1BAB8C39-9D8F-4561-8DF5-96F9FD3C9C09}.Debug|Any CPU.ActiveCfg = Debug|Any CPU
		{1BAB8C39-9D8F-4561-8DF5-96F9FD3C9C09}.Debug|Any CPU.Build.0 = Debug|Any CPU
		{1BAB8C39-9D8F-4561-8DF5-96F9FD3C9C09}.Release|Any CPU.ActiveCfg = Release|Any CPU
		{1BAB8C39-9D8F-4561-8DF5-96F9FD3C9C09}.Release|Any CPU.Build.0 = Release|Any CPU
	EndGlobalSection
EndGlobal
